{
  "name": "gorfadumesh",
  "lockfileVersion": 3,
  "requires": true,
  "packages": {
    "": {
      "dependencies": {
        "remixicon": "^4.9.1"
      }
    },
    "node_modules/remixicon": {
      "version": "4.9.1",
      "resolved": "https://registry.npmjs.org/remixicon/-/remixicon-4.9.1.tgz",
      "integrity": "sha512-36gLSoujkabnCFZFDyP17VNh9piuBA/rsXUb4auSJWLGsHVXtmxLj/EM5FjaEAGnk8oIAj1Azob/DZ2N+90lAQ==",
      "license": "Apache-2.0"
    }
  }
}
